
Microsoft Visual Studio Solution File, Format Version 12.00
# Visual Studio Version 17
VisualStudioVersion = 17.13.35913.81 d17.13
MinimumVisualStudioVersion = 10.0.40219.1
Project("{FAE04EC0-301F-11D3-BF4B-00C04F79EFBC}") = "Lumen", "Lumen.csproj", "{789320D3-1A09-46EE-BC64-F00A2DE5F8E2}"
EndProject
Global
	GlobalSection(SolutionConfigurationPlatforms) = preSolution
		Debug|Any CPU = Debug|Any CPU
		Release|Any CPU = Release|Any CPU
	EndGlobalSection
	GlobalSection(ProjectConfigurationPlatforms) = postSolution
		{789320D3-1A09-46EE-BC64-F00A2DE5F8E2}.Debug|Any CPU.ActiveCfg = Debug|Any CPU
		{789320D3-1A09-46EE-BC64-F00A2DE5F8E2}.Debug|Any CPU.Build.0 = Debug|Any CPU
		{789320D3-1A09-46EE-BC64-F00A2DE5F8E2}.Release|Any CPU.ActiveCfg = Release|Any CPU
		{789320D3-1A09-46EE-BC64-F00A2DE5F8E2}.Release|Any CPU.Build.0 = Release|Any CPU
	EndGlobalSection
	GlobalSection(SolutionProperties) = preSolution
		HideSolutionNode = FALSE
	EndGlobalSection
	GlobalSection(ExtensibilityGlobals) = postSolution
		SolutionGuid = {66C39093-5EC7-472F-969F-4F5F3382BC31}
	EndGlobalSection
EndGlobal
